
Microsoft Visual Studio Solution File, Format Version 12.00
# Visual Studio Version 17
VisualStudioVersion = 17.14.36221.1 d17.14
MinimumVisualStudioVersion = 10.0.40219.1
Project("{FAE04EC0-301F-11D3-BF4B-00C04F79EFBC}") = "ExercicioPortalAlunos", "ExercicioPortalAlunos\ExercicioPortalAlunos.csproj", "{DD6A039F-9C69-4B54-9B63-10397DB0DC23}"
EndProject
Global
	GlobalSection(SolutionConfigurationPlatforms) = preSolution
		Debug|Any CPU = Debug|Any CPU
		Release|Any CPU = Release|Any CPU
	EndGlobalSection
	GlobalSection(ProjectConfigurationPlatforms) = postSolution
		{DD6A039F-9C69-4B54-9B63-10397DB0DC23}.Debug|Any CPU.ActiveCfg = Debug|Any CPU
		{DD6A039F-9C69-4B54-9B63-10397DB0DC23}.Debug|Any CPU.Build.0 = Debug|Any CPU
		{DD6A039F-9C69-4B54-9B63-10397DB0DC23}.Release|Any CPU.ActiveCfg = Release|Any CPU
		{DD6A039F-9C69-4B54-9B63-10397DB0DC23}.Release|Any CPU.Build.0 = Release|Any CPU
	EndGlobalSection
	GlobalSection(SolutionProperties) = preSolution
		HideSolutionNode = FALSE
	EndGlobalSection
	GlobalSection(ExtensibilityGlobals) = postSolution
		SolutionGuid = {009011D7-7C24-43DE-8A70-7B2E459D5D92}
	EndGlobalSection
EndGlobal
