
Microsoft Visual Studio Solution File, Format Version 12.00
# Visual Studio Version 17
VisualStudioVersion = 17.14.36221.1 d17.14
MinimumVisualStudioVersion = 10.0.40219.1
Project("{FAE04EC0-301F-11D3-BF4B-00C04F79EFBC}") = "ExercicioShape", "ExercicioShape\ExercicioShape.csproj", "{C02A042F-58F7-445B-87AE-F6F8AFB56517}"
EndProject
Global
	GlobalSection(SolutionConfigurationPlatforms) = preSolution
		Debug|Any CPU = Debug|Any CPU
		Release|Any CPU = Release|Any CPU
	EndGlobalSection
	GlobalSection(ProjectConfigurationPlatforms) = postSolution
		{C02A042F-58F7-445B-87AE-F6F8AFB56517}.Debug|Any CPU.ActiveCfg = Debug|Any CPU
		{C02A042F-58F7-445B-87AE-F6F8AFB56517}.Debug|Any CPU.Build.0 = Debug|Any CPU
		{C02A042F-58F7-445B-87AE-F6F8AFB56517}.Release|Any CPU.ActiveCfg = Release|Any CPU
		{C02A042F-58F7-445B-87AE-F6F8AFB56517}.Release|Any CPU.Build.0 = Release|Any CPU
	EndGlobalSection
	GlobalSection(SolutionProperties) = preSolution
		HideSolutionNode = FALSE
	EndGlobalSection
	GlobalSection(ExtensibilityGlobals) = postSolution
		SolutionGuid = {C044E517-E7C7-4CD4-9D06-087CC2321215}
	EndGlobalSection
EndGlobal
