
Microsoft Visual Studio Solution File, Format Version 12.00
# Visual Studio Version 17
VisualStudioVersion = 17.14.36221.1 d17.14
MinimumVisualStudioVersion = 10.0.40219.1
Project("{FAE04EC0-301F-11D3-BF4B-00C04F79EFBC}") = "ExercicioFuncionarioLambda", "ExercicioFuncionarioLambda\ExercicioFuncionarioLambda.csproj", "{BF7F5CD7-3E47-45AF-97CF-2E6385B43157}"
EndProject
Global
	GlobalSection(SolutionConfigurationPlatforms) = preSolution
		Debug|Any CPU = Debug|Any CPU
		Release|Any CPU = Release|Any CPU
	EndGlobalSection
	GlobalSection(ProjectConfigurationPlatforms) = postSolution
		{BF7F5CD7-3E47-45AF-97CF-2E6385B43157}.Debug|Any CPU.ActiveCfg = Debug|Any CPU
		{BF7F5CD7-3E47-45AF-97CF-2E6385B43157}.Debug|Any CPU.Build.0 = Debug|Any CPU
		{BF7F5CD7-3E47-45AF-97CF-2E6385B43157}.Release|Any CPU.ActiveCfg = Release|Any CPU
		{BF7F5CD7-3E47-45AF-97CF-2E6385B43157}.Release|Any CPU.Build.0 = Release|Any CPU
	EndGlobalSection
	GlobalSection(SolutionProperties) = preSolution
		HideSolutionNode = FALSE
	EndGlobalSection
	GlobalSection(ExtensibilityGlobals) = postSolution
		SolutionGuid = {F6E92910-7250-4014-9511-6B68E7C6E2B8}
	EndGlobalSection
EndGlobal
