
Microsoft Visual Studio Solution File, Format Version 12.00
# Visual Studio Version 17
VisualStudioVersion = 17.14.36221.1 d17.14
MinimumVisualStudioVersion = 10.0.40219.1
Project("{FAE04EC0-301F-11D3-BF4B-00C04F79EFBC}") = "ExercicioDictionary", "ExercicioDictionary\ExercicioDictionary.csproj", "{BDA536E6-A6A9-4A1B-BFD2-94310A2BC81F}"
EndProject
Global
	GlobalSection(SolutionConfigurationPlatforms) = preSolution
		Debug|Any CPU = Debug|Any CPU
		Release|Any CPU = Release|Any CPU
	EndGlobalSection
	GlobalSection(ProjectConfigurationPlatforms) = postSolution
		{BDA536E6-A6A9-4A1B-BFD2-94310A2BC81F}.Debug|Any CPU.ActiveCfg = Debug|Any CPU
		{BDA536E6-A6A9-4A1B-BFD2-94310A2BC81F}.Debug|Any CPU.Build.0 = Debug|Any CPU
		{BDA536E6-A6A9-4A1B-BFD2-94310A2BC81F}.Release|Any CPU.ActiveCfg = Release|Any CPU
		{BDA536E6-A6A9-4A1B-BFD2-94310A2BC81F}.Release|Any CPU.Build.0 = Release|Any CPU
	EndGlobalSection
	GlobalSection(SolutionProperties) = preSolution
		HideSolutionNode = FALSE
	EndGlobalSection
	GlobalSection(ExtensibilityGlobals) = postSolution
		SolutionGuid = {6C54CCB5-4D8F-4310-9B12-BB6750127FAC}
	EndGlobalSection
EndGlobal
